<?xml version="1.0" encoding="utf-8"?>
<Project ToolsVersion="4.0" xmlns="http://schemas.microsoft.com/developer/msbuild/2003">
  <ItemGroup>
    <Filter Include="源文件">
      <UniqueIdentifier>{4FC737F1-C7A5-4376-A066-2A32D752A2FF}</UniqueIdentifier>
      <Extensions>cpp;c;cc;cxx;def;odl;idl;hpj;bat;asm;asmx</Extensions>
    </Filter>
    <Filter Include="头文件">
      <UniqueIdentifier>{93995380-89BD-4b04-88EB-625FBE52EBFB}</UniqueIdentifier>
      <Extensions>h;hh;hpp;hxx;hm;inl;inc;xsd</Extensions>
    </Filter>
    <Filter Include="源文件\BNSumProduct">
      <UniqueIdentifier>{81d92dc6-4094-46d3-a453-67ae8390a65c}</UniqueIdentifier>
    </Filter>
    <Filter Include="源文件\CliqueTree">
      <UniqueIdentifier>{57070edf-7280-4a62-80f8-eb6ab055ae70}</UniqueIdentifier>
    </Filter>
    <Filter Include="源文件\myutils">
      <UniqueIdentifier>{39ff0a65-1722-4a3a-8707-14c5c76ce804}</UniqueIdentifier>
    </Filter>
    <Filter Include="源文件\Common">
      <UniqueIdentifier>{511b8c37-2620-45b8-8cbc-941bf4140d5c}</UniqueIdentifier>
    </Filter>
    <Filter Include="源文件\Factor">
      <UniqueIdentifier>{710e9abe-185d-4aab-bf13-d05185b561e4}</UniqueIdentifier>
    </Filter>
  </ItemGroup>
  <ItemGroup>
    <ClInclude Include="CBNSumProduct.h">
      <Filter>源文件\BNSumProduct</Filter>
    </ClInclude>
    <ClInclude Include="stl_utils.h">
      <Filter>源文件\myutils</Filter>
    </ClInclude>
    <ClInclude Include="qyranges.hpp">
      <Filter>源文件\myutils</Filter>
    </ClInclude>
    <ClInclude Include="qyrange.hpp">
      <Filter>源文件\myutils</Filter>
    </ClInclude>
    <ClInclude Include="qyviews.hpp">
      <Filter>源文件\myutils</Filter>
    </ClInclude>
    <ClInclude Include="factordef.h">
      <Filter>源文件\Common</Filter>
    </ClInclude>
    <ClInclude Include="iohelper.h">
      <Filter>源文件\Common</Filter>
    </ClInclude>
    <ClInclude Include="BayesianNetwork.h">
      <Filter>源文件\BNSumProduct</Filter>
    </ClInclude>
    <ClInclude Include="Factor.h">
      <Filter>源文件\Factor</Filter>
    </ClInclude>
    <ClInclude Include="qyalgo.hpp">
      <Filter>源文件\myutils</Filter>
    </ClInclude>
    <ClInclude Include="qynumeric.hpp">
      <Filter>源文件\myutils</Filter>
    </ClInclude>
    <ClInclude Include="qyviews_exp.hpp">
      <Filter>源文件\myutils</Filter>
    </ClInclude>
    <ClInclude Include="CliqueTree.h">
      <Filter>源文件\CliqueTree</Filter>
    </ClInclude>
    <ClInclude Include="CliqueTreeMethod.h">
      <Filter>源文件\CliqueTree</Filter>
    </ClInclude>
    <ClInclude Include="CommonIO.h">
      <Filter>源文件\Common</Filter>
    </ClInclude>
  </ItemGroup>
  <ItemGroup>
    <None Include="..\README.md" />
  </ItemGroup>
  <ItemGroup>
    <ClCompile Include="BayesianNetwork_Input.cpp">
      <Filter>源文件\BNSumProduct</Filter>
    </ClCompile>
    <ClCompile Include="CBNSumProduct.cpp">
      <Filter>源文件\BNSumProduct</Filter>
    </ClCompile>
    <ClCompile Include="CliqueTree.cpp">
      <Filter>源文件\CliqueTree</Filter>
    </ClCompile>
    <ClCompile Include="CliqueTree_Input.cpp">
      <Filter>源文件\CliqueTree</Filter>
    </ClCompile>
    <ClCompile Include="CliqueTreeMethod.cpp">
      <Filter>源文件\CliqueTree</Filter>
    </ClCompile>
    <ClCompile Include="CommonIO.cpp">
      <Filter>源文件\Common</Filter>
    </ClCompile>
    <ClCompile Include="Factor.cpp">
      <Filter>源文件\Factor</Filter>
    </ClCompile>
  </ItemGroup>
</Project>